
Microsoft Visual Studio Solution File, Format Version 12.00
# Visual Studio 14
VisualStudioVersion = 14.0.25420.1
MinimumVisualStudioVersion = 10.0.40219.1
Project("{FAE04EC0-301F-11D3-BF4B-00C04F79EFBC}") = "WebDingSendDemo", "WebDingSendDemo\WebDingSendDemo.csproj", "{DE8871D7-5F98-47A8-97CA-3435569737A0}"
EndProject
Project("{FAE04EC0-301F-11D3-BF4B-00C04F79EFBC}") = "WebDingSendDemo2", "WebDingSendDemo2\WebDingSendDemo2.csproj", "{267EC2FF-3BA0-4DD8-9311-A82B8BEF7801}"
EndProject
Global
	GlobalSection(SolutionConfigurationPlatforms) = preSolution
		Debug|Any CPU = Debug|Any CPU
		Release|Any CPU = Release|Any CPU
	EndGlobalSection
	GlobalSection(ProjectConfigurationPlatforms) = postSolution
		{DE8871D7-5F98-47A8-97CA-3435569737A0}.Debug|Any CPU.ActiveCfg = Debug|Any CPU
		{DE8871D7-5F98-47A8-97CA-3435569737A0}.Debug|Any CPU.Build.0 = Debug|Any CPU
		{DE8871D7-5F98-47A8-97CA-3435569737A0}.Release|Any CPU.ActiveCfg = Release|Any CPU
		{DE8871D7-5F98-47A8-97CA-3435569737A0}.Release|Any CPU.Build.0 = Release|Any CPU
		{267EC2FF-3BA0-4DD8-9311-A82B8BEF7801}.Debug|Any CPU.ActiveCfg = Debug|Any CPU
		{267EC2FF-3BA0-4DD8-9311-A82B8BEF7801}.Debug|Any CPU.Build.0 = Debug|Any CPU
		{267EC2FF-3BA0-4DD8-9311-A82B8BEF7801}.Release|Any CPU.ActiveCfg = Release|Any CPU
		{267EC2FF-3BA0-4DD8-9311-A82B8BEF7801}.Release|Any CPU.Build.0 = Release|Any CPU
	EndGlobalSection
	GlobalSection(SolutionProperties) = preSolution
		HideSolutionNode = FALSE
	EndGlobalSection
EndGlobal
